// !$*UTF8*$!
{
	archiveVersion = 1;
	classes = {
	};
	objectVersion = 46;
	objects = {

/* Begin PBXBuildFile section */
		5E6ABCA31D7ABFFD00BB495A /* AppDelegate.swift in Sources */ = {isa = PBXBuildFile; fileRef = 5E6ABCA21D7ABFFD00BB495A /* AppDelegate.swift */; };
		5E6ABCA51D7ABFFD00BB495A /* MasterViewController.swift in Sources */ = {isa = PBXBuildFile; fileRef = 5E6ABCA41D7ABFFD00BB495A /* MasterViewController.swift */; };
		5E6ABCA71D7ABFFD00BB495A /* DetailViewController.swift in Sources */ = {isa = PBXBuildFile; fileRef = 5E6ABCA61D7ABFFD00BB495A /* DetailViewController.swift */; };
		5E6ABCAA1D7ABFFD00BB495A /* Main.storyboard in Resources */ = {isa = PBXBuildFile; fileRef = 5E6ABCA81D7ABFFD00BB495A /* Main.storyboard */; };
		5E6ABCAC1D7ABFFD00BB495A /* Assets.xcassets in Resources */ = {isa = PBXBuildFile; fileRef = 5E6ABCAB1D7ABFFD00BB495A /* Assets.xcassets */; };
		5E6ABCAF1D7ABFFD00BB495A /* LaunchScreen.storyboard in Resources */ = {isa = PBXBuildFile; fileRef = 5E6ABCAD1D7ABFFD00BB495A /* LaunchScreen.storyboard */; };
		5E6ABCBA1D7ABFFD00BB495A /* QKSwiftTests.swift in Sources */ = {isa = PBXBuildFile; fileRef = 5E6ABCB91D7ABFFD00BB495A /* QKSwiftTests.swift */; };
		5E6ABCC51D7ABFFD00BB495A /* QKSwiftUITests.swift in Sources */ = {isa = PBXBuildFile; fileRef = 5E6ABCC41D7ABFFD00BB495A /* QKSwiftUITests.swift */; };
/* End PBXBuildFile section */

/* Begin PBXContainerItemProxy section */
		5E6ABCB61D7ABFFD00BB495A /* PBXContainerItemProxy */ = {
			isa = PBXContainerItemProxy;
			containerPortal = 5E6ABC971D7ABFFC00BB495A /* Project object */;
			proxyType = 1;
			remoteGlobalIDString = 5E6ABC9E1D7ABFFC00BB495A;
			remoteInfo = QKSwift;
		};
		5E6ABCC11D7ABFFD00BB495A /* PBXContainerItemProxy */ = {
			isa = PBXContainerItemProxy;
			containerPortal = 5E6ABC971D7ABFFC00BB495A /* Project object */;
			proxyType = 1;
			remoteGlobalIDString = 5E6ABC9E1D7ABFFC00BB495A;
			remoteInfo = QKSwift;
		};
/* End PBXContainerItemProxy section */

/* Begin PBXFileReference section */
		5E6ABC9F1D7ABFFC00BB495A /* QKSwift.app */ = {isa = PBXFileReference; explicitFileType = wrapper.application; includeInIndex = 0; path = QKSwift.app; sourceTree = BUILT_PRODUCTS_DIR; };
		5E6ABCA21D7ABFFD00BB495A /* AppDelegate.swift */ = {isa = PBXFileReference; lastKnownFileType = sourcecode.swift; path = AppDelegate.swift; sourceTree = "<group>"; };
		5E6ABCA41D7ABFFD00BB495A /* MasterViewController.swift */ = {isa = PBXFileReference; lastKnownFileType = sourcecode.swift; path = MasterViewController.swift; sourceTree = "<group>"; };
		5E6ABCA61D7ABFFD00BB495A /* DetailViewController.swift */ = {isa = PBXFileReference; lastKnownFileType = sourcecode.swift; path = DetailViewController.swift; sourceTree = "<group>"; };
		5E6ABCA91D7ABFFD00BB495A /* Base */ = {isa = PBXFileReference; lastKnownFileType = file.storyboard; name = Base; path = Base.lproj/Main.storyboard; sourceTree = "<group>"; };
		5E6ABCAB1D7ABFFD00BB495A /* Assets.xcassets */ = {isa = PBXFileReference; lastKnownFileType = folder.assetcatalog; path = Assets.xcassets; sourceTree = "<group>"; };
		5E6ABCAE1D7ABFFD00BB495A /* Base */ = {isa = PBXFileReference; lastKnownFileType = file.storyboard; name = Base; path = Base.lproj/LaunchScreen.storyboard; sourceTree = "<group>"; };
		5E6ABCB01D7ABFFD00BB495A /* Info.plist */ = {isa = PBXFileReference; lastKnownFileType = text.plist.xml; path = Info.plist; sourceTree = "<group>"; };
		5E6ABCB51D7ABFFD00BB495A /* QKSwiftTests.xctest */ = {isa = PBXFileReference; explicitFileType = wrapper.cfbundle; includeInIndex = 0; path = QKSwiftTests.xctest; sourceTree = BUILT_PRODUCTS_DIR; };
		5E6ABCB91D7ABFFD00BB495A /* QKSwiftTests.swift */ = {isa = PBXFileReference; lastKnownFileType = sourcecode.swift; path = QKSwiftTests.swift; sourceTree = "<group>"; };
		5E6ABCBB1D7ABFFD00BB495A /* Info.plist */ = {isa = PBXFileReference; lastKnownFileType = text.plist.xml; path = Info.plist; sourceTree = "<group>"; };
		5E6ABCC01D7ABFFD00BB495A /* QKSwiftUITests.xctest */ = {isa = PBXFileReference; explicitFileType = wrapper.cfbundle; includeInIndex = 0; path = QKSwiftUITests.xctest; sourceTree = BUILT_PRODUCTS_DIR; };
		5E6ABCC41D7ABFFD00BB495A /* QKSwiftUITests.swift */ = {isa = PBXFileReference; lastKnownFileType = sourcecode.swift; path = QKSwiftUITests.swift; sourceTree = "<group>"; };
		5E6ABCC61D7ABFFD00BB495A /* Info.plist */ = {isa = PBXFileReference; lastKnownFileType = text.plist.xml; path = Info.plist; sourceTree = "<group>"; };
/* End PBXFileReference section */

/* Begin PBXFrameworksBuildPhase section */
		5E6ABC9C1D7ABFFC00BB495A /* Frameworks */ = {
			isa = PBXFrameworksBuildPhase;
			buildActionMask = 2147483647;
			files = (
			);
			runOnlyForDeploymentPostprocessing = 0;
		};
		5E6ABCB21D7ABFFD00BB495A /* Frameworks */ = {
			isa = PBXFrameworksBuildPhase;
			buildActionMask = 2147483647;
			files = (
			);
			runOnlyForDeploymentPostprocessing = 0;
		};
		5E6ABCBD1D7ABFFD00BB495A /* Frameworks */ = {
			isa = PBXFrameworksBuildPhase;
			buildActionMask = 2147483647;
			files = (
			);
			runOnlyForDeploymentPostprocessing = 0;
		};
/* End PBXFrameworksBuildPhase section */

/* Begin PBXGroup section */
		5E6ABC961D7ABFFC00BB495A = {
			isa = PBXGroup;
			children = (
				5E6ABCA11D7ABFFD00BB495A /* QKSwift */,
				5E6ABCB81D7ABFFD00BB495A /* QKSwiftTests */,
				5E6ABCC31D7ABFFD00BB495A /* QKSwiftUITests */,
				5E6ABCA01D7ABFFC00BB495A /* Products */,
			);
			sourceTree = "<group>";
		};
		5E6ABCA01D7ABFFC00BB495A /* Products */ = {
			isa = PBXGroup;
			children = (
				5E6ABC9F1D7ABFFC00BB495A /* QKSwift.app */,
				5E6ABCB51D7ABFFD00BB495A /* QKSwiftTests.xctest */,
				5E6ABCC01D7ABFFD00BB495A /* QKSwiftUITests.xctest */,
			);
			name = Products;
			sourceTree = "<group>";
		};
		5E6ABCA11D7ABFFD00BB495A /* QKSwift */ = {
			isa = PBXGroup;
			children = (
				5E6ABCA21D7ABFFD00BB495A /* AppDelegate.swift */,
				5E6ABCA41D7ABFFD00BB495A /* MasterViewController.swift */,
				5E6ABCA61D7ABFFD00BB495A /* DetailViewController.swift */,
				5E6ABCA81D7ABFFD00BB495A /* Main.storyboard */,
				5E6ABCAB1D7ABFFD00BB495A /* Assets.xcassets */,
				5E6ABCAD1D7ABFFD00BB495A /* LaunchScreen.storyboard */,
				5E6ABCB01D7ABFFD00BB495A /* Info.plist */,
			);
			path = QKSwift;
			sourceTree = "<group>";
		};
		5E6ABCB81D7ABFFD00BB495A /* QKSwiftTests */ = {
			isa = PBXGroup;
			children = (
				5E6ABCB91D7ABFFD00BB495A /* QKSwiftTests.swift */,
				5E6ABCBB1D7ABFFD00BB495A /* Info.plist */,
			);
			path = QKSwiftTests;
			sourceTree = "<group>";
		};
		5E6ABCC31D7ABFFD00BB495A /* QKSwiftUITests */ = {
			isa = PBXGroup;
			children = (
				5E6ABCC41D7ABFFD00BB495A /* QKSwiftUITests.swift */,
				5E6ABCC61D7ABFFD00BB495A /* Info.plist */,
			);
			path = QKSwiftUITests;
			sourceTree = "<group>";
		};
/* End PBXGroup section */

/* Begin PBXNativeTarget section */
		5E6ABC9E1D7ABFFC00BB495A /* QKSwift */ = {
			isa = PBXNativeTarget;
			buildConfigurationList = 5E6ABCC91D7ABFFD00BB495A /* Build configuration list for PBXNativeTarget "QKSwift" */;
			buildPhases = (
				5E6ABC9B1D7ABFFC00BB495A /* Sources */,
				5E6ABC9C1D7ABFFC00BB495A /* Frameworks */,
				5E6ABC9D1D7ABFFC00BB495A /* Resources */,
			);
			buildRules = (
			);
			dependencies = (
			);
			name = QKSwift;
			productName = QKSwift;
			productReference = 5E6ABC9F1D7ABFFC00BB495A /* QKSwift.app */;
			productType = "com.apple.product-type.application";
		};
		5E6ABCB41D7ABFFD00BB495A /* QKSwiftTests */ = {
			isa = PBXNativeTarget;
			buildConfigurationList = 5E6ABCCC1D7ABFFD00BB495A /* Build configuration list for PBXNativeTarget "QKSwiftTests" */;
			buildPhases = (
				5E6ABCB11D7ABFFD00BB495A /* Sources */,
				5E6ABCB21D7ABFFD00BB495A /* Frameworks */,
				5E6ABCB31D7ABFFD00BB495A /* Resources */,
			);
			buildRules = (
			);
			dependencies = (
				5E6ABCB71D7ABFFD00BB495A /* PBXTargetDependency */,
			);
			name = QKSwiftTests;
			productName = QKSwiftTests;
			productReference = 5E6ABCB51D7ABFFD00BB495A /* QKSwiftTests.xctest */;
			productType = "com.apple.product-type.bundle.unit-test";
		};
		5E6ABCBF1D7ABFFD00BB495A /* QKSwiftUITests */ = {
			isa = PBXNativeTarget;
			buildConfigurationList = 5E6ABCCF1D7ABFFD00BB495A /* Build configuration list for PBXNativeTarget "QKSwiftUITests" */;
			buildPhases = (
				5E6ABCBC1D7ABFFD00BB495A /* Sources */,
				5E6ABCBD1D7ABFFD00BB495A /* Frameworks */,
				5E6ABCBE1D7ABFFD00BB495A /* Resources */,
			);
			buildRules = (
			);
			dependencies = (
				5E6ABCC21D7ABFFD00BB495A /* PBXTargetDependency */,
			);
			name = QKSwiftUITests;
			productName = QKSwiftUITests;
			productReference = 5E6ABCC01D7ABFFD00BB495A /* QKSwiftUITests.xctest */;
			productType = "com.apple.product-type.bundle.ui-testing";
		};
/* End PBXNativeTarget section */

/* Begin PBXProject section */
		5E6ABC971D7ABFFC00BB495A /* Project object */ = {
			isa = PBXProject;
			attributes = {
				LastSwiftUpdateCheck = 0730;
				LastUpgradeCheck = 0730;
				ORGANIZATIONNAME = "一米阳光";
				TargetAttributes = {
					5E6ABC9E1D7ABFFC00BB495A = {
						CreatedOnToolsVersion = 7.3;
					};
					5E6ABCB41D7ABFFD00BB495A = {
						CreatedOnToolsVersion = 7.3;
						TestTargetID = 5E6ABC9E1D7ABFFC00BB495A;
					};
					5E6ABCBF1D7ABFFD00BB495A = {
						CreatedOnToolsVersion = 7.3;
						TestTargetID = 5E6ABC9E1D7ABFFC00BB495A;
					};
				};
			};
			buildConfigurationList = 5E6ABC9A1D7ABFFC00BB495A /* Build configuration list for PBXProject "QKSwift" */;
			compatibilityVersion = "Xcode 3.2";
			developmentRegion = English;
			hasScannedForEncodings = 0;
			knownRegions = (
				en,
				Base,
			);
			mainGroup = 5E6ABC961D7ABFFC00BB495A;
			productRefGroup = 5E6ABCA01D7ABFFC00BB495A /* Products */;
			projectDirPath = "";
			projectRoot = "";
			targets = (
				5E6ABC9E1D7ABFFC00BB495A /* QKSwift */,
				5E6ABCB41D7ABFFD00BB495A /* QKSwiftTests */,
				5E6ABCBF1D7ABFFD00BB495A /* QKSwiftUITests */,
			);
		};
/* End PBXProject section */

/* Begin PBXResourcesBuildPhase section */
		5E6ABC9D1D7ABFFC00BB495A /* Resources */ = {
			isa = PBXResourcesBuildPhase;
			buildActionMask = 2147483647;
			files = (
				5E6ABCAF1D7ABFFD00BB495A /* LaunchScreen.storyboard in Resources */,
				5E6ABCAC1D7ABFFD00BB495A /* Assets.xcassets in Resources */,
				5E6ABCAA1D7ABFFD00BB495A /* Main.storyboard in Resources */,
			);
			runOnlyForDeploymentPostprocessing = 0;
		};
		5E6ABCB31D7ABFFD00BB495A /* Resources */ = {
			isa = PBXResourcesBuildPhase;
			buildActionMask = 2147483647;
			files = (
			);
			runOnlyForDeploymentPostprocessing = 0;
		};
		5E6ABCBE1D7ABFFD00BB495A /* Resources */ = {
			isa = PBXResourcesBuildPhase;
			buildActionMask = 2147483647;
			files = (
			);
			runOnlyForDeploymentPostprocessing = 0;
		};
/* End PBXResourcesBuildPhase section */

/* Begin PBXSourcesBuildPhase section */
		5E6ABC9B1D7ABFFC00BB495A /* Sources */ = {
			isa = PBXSourcesBuildPhase;
			buildActionMask = 2147483647;
			files = (
				5E6ABCA71D7ABFFD00BB495A /* DetailViewController.swift in Sources */,
				5E6ABCA51D7ABFFD00BB495A /* MasterViewController.swift in Sources */,
				5E6ABCA31D7ABFFD00BB495A /* AppDelegate.swift in Sources */,
			);
			runOnlyForDeploymentPostprocessing = 0;
		};
		5E6ABCB11D7ABFFD00BB495A /* Sources */ = {
			isa = PBXSourcesBuildPhase;
			buildActionMask = 2147483647;
			files = (
				5E6ABCBA1D7ABFFD00BB495A /* QKSwiftTests.swift in Sources */,
			);
			runOnlyForDeploymentPostprocessing = 0;
		};
		5E6ABCBC1D7ABFFD00BB495A /* Sources */ = {
			isa = PBXSourcesBuildPhase;
			buildActionMask = 2147483647;
			files = (
				5E6ABCC51D7ABFFD00BB495A /* QKSwiftUITests.swift in Sources */,
			);
			runOnlyForDeploymentPostprocessing = 0;
		};
/* End PBXSourcesBuildPhase section */

/* Begin PBXTargetDependency section */
		5E6ABCB71D7ABFFD00BB495A /* PBXTargetDependency */ = {
			isa = PBXTargetDependency;
			target = 5E6ABC9E1D7ABFFC00BB495A /* QKSwift */;
			targetProxy = 5E6ABCB61D7ABFFD00BB495A /* PBXContainerItemProxy */;
		};
		5E6ABCC21D7ABFFD00BB495A /* PBXTargetDependency */ = {
			isa = PBXTargetDependency;
			target = 5E6ABC9E1D7ABFFC00BB495A /* QKSwift */;
			targetProxy = 5E6ABCC11D7ABFFD00BB495A /* PBXContainerItemProxy */;
		};
/* End PBXTargetDependency section */

/* Begin PBXVariantGroup section */
		5E6ABCA81D7ABFFD00BB495A /* Main.storyboard */ = {
			isa = PBXVariantGroup;
			children = (
				5E6ABCA91D7ABFFD00BB495A /* Base */,
			);
			name = Main.storyboard;
			sourceTree = "<group>";
		};
		5E6ABCAD1D7ABFFD00BB495A /* LaunchScreen.storyboard */ = {
			isa = PBXVariantGroup;
			children = (
				5E6ABCAE1D7ABFFD00BB495A /* Base */,
			);
			name = LaunchScreen.storyboard;
			sourceTree = "<group>";
		};
/* End PBXVariantGroup section */

/* Begin XCBuildConfiguration section */
		5E6ABCC71D7ABFFD00BB495A /* Debug */ = {
			isa = XCBuildConfiguration;
			buildSettings = {
				ALWAYS_SEARCH_USER_PATHS = NO;
				CLANG_ANALYZER_NONNULL = YES;
				CLANG_CXX_LANGUAGE_STANDARD = "gnu++0x";
				CLANG_CXX_LIBRARY = "libc++";
				CLANG_ENABLE_MODULES = YES;
				CLANG_ENABLE_OBJC_ARC = YES;
				CLANG_WARN_BOOL_CONVERSION = YES;
				CLANG_WARN_CONSTANT_CONVERSION = YES;
				CLANG_WARN_DIRECT_OBJC_ISA_USAGE = YES_ERROR;
				CLANG_WARN_EMPTY_BODY = YES;
				CLANG_WARN_ENUM_CONVERSION = YES;
				CLANG_WARN_INT_CONVERSION = YES;
				CLANG_WARN_OBJC_ROOT_CLASS = YES_ERROR;
				CLANG_WARN_UNREACHABLE_CODE = YES;
				CLANG_WARN__DUPLICATE_METHOD_MATCH = YES;
				"CODE_SIGN_IDENTITY[sdk=iphoneos*]" = "iPhone Developer";
				COPY_PHASE_STRIP = NO;
				DEBUG_INFORMATION_FORMAT = dwarf;
				ENABLE_STRICT_OBJC_MSGSEND = YES;
				ENABLE_TESTABILITY = YES;
				GCC_C_LANGUAGE_STANDARD = gnu99;
				GCC_DYNAMIC_NO_PIC = NO;
				GCC_NO_COMMON_BLOCKS = YES;
				GCC_OPTIMIZATION_LEVEL = 0;
				GCC_PREPROCESSOR_DEFINITIONS = (
					"DEBUG=1",
					"$(inherited)",
				);
				GCC_WARN_64_TO_32_BIT_CONVERSION = YES;
				GCC_WARN_ABOUT_RETURN_TYPE = YES_ERROR;
				GCC_WARN_UNDECLARED_SELECTOR = YES;
				GCC_WARN_UNINITIALIZED_AUTOS = YES_AGGRESSIVE;
				GCC_WARN_UNUSED_FUNCTION = YES;
				GCC_WARN_UNUSED_VARIABLE = YES;
				IPHONEOS_DEPLOYMENT_TARGET = 9.3;
				MTL_ENABLE_DEBUG_INFO = YES;
				ONLY_ACTIVE_ARCH = YES;
				SDKROOT = iphoneos;
				SWIFT_OPTIMIZATION_LEVEL = "-Onone";
				TARGETED_DEVICE_FAMILY = "1,2";
			};
			name = Debug;
		};
		5E6ABCC81D7ABFFD00BB495A /* Release */ = {
			isa = XCBuildConfiguration;
			buildSettings = {
				ALWAYS_SEARCH_USER_PATHS = NO;
				CLANG_ANALYZER_NONNULL = YES;
				CLANG_CXX_LANGUAGE_STANDARD = "gnu++0x";
				CLANG_CXX_LIBRARY = "libc++";
				CLANG_ENABLE_MODULES = YES;
				CLANG_ENABLE_OBJC_ARC = YES;
				CLANG_WARN_BOOL_CONVERSION = YES;
				CLANG_WARN_CONSTANT_CONVERSION = YES;
				CLANG_WARN_DIRECT_OBJC_ISA_USAGE = YES_ERROR;
				CLANG_WARN_EMPTY_BODY = YES;
				CLANG_WARN_ENUM_CONVERSION = YES;
				CLANG_WARN_INT_CONVERSION = YES;
				CLANG_WARN_OBJC_ROOT_CLASS = YES_ERROR;
				CLANG_WARN_UNREACHABLE_CODE = YES;
				CLANG_WARN__DUPLICATE_METHOD_MATCH = YES;
				"CODE_SIGN_IDENTITY[sdk=iphoneos*]" = "iPhone Developer";
				COPY_PHASE_STRIP = NO;
				DEBUG_INFORMATION_FORMAT = "dwarf-with-dsym";
				ENABLE_NS_ASSERTIONS = NO;
				ENABLE_STRICT_OBJC_MSGSEND = YES;
				GCC_C_LANGUAGE_STANDARD = gnu99;
				GCC_NO_COMMON_BLOCKS = YES;
				GCC_WARN_64_TO_32_BIT_CONVERSION = YES;
				GCC_WARN_ABOUT_RETURN_TYPE = YES_ERROR;
				GCC_WARN_UNDECLARED_SELECTOR = YES;
				GCC_WARN_UNINITIALIZED_AUTOS = YES_AGGRESSIVE;
				GCC_WARN_UNUSED_FUNCTION = YES;
				GCC_WARN_UNUSED_VARIABLE = YES;
				IPHONEOS_DEPLOYMENT_TARGET = 9.3;
				MTL_ENABLE_DEBUG_INFO = NO;
				SDKROOT = iphoneos;
				TARGETED_DEVICE_FAMILY = "1,2";
				VALIDATE_PRODUCT = YES;
			};
			name = Release;
		};
		5E6ABCCA1D7ABFFD00BB495A /* Debug */ = {
			isa = XCBuildConfiguration;
			buildSettings = {
				ASSETCATALOG_COMPILER_APPICON_NAME = AppIcon;
				INFOPLIST_FILE = QKSwift/Info.plist;
				LD_RUNPATH_SEARCH_PATHS = "$(inherited) @executable_path/Frameworks";
				PRODUCT_BUNDLE_IDENTIFIER = com.nvxie.QKSwift;
				PRODUCT_NAME = "$(TARGET_NAME)";
			};
			name = Debug;
		};
		5E6ABCCB1D7ABFFD00BB495A /* Release */ = {
			isa = XCBuildConfiguration;
			buildSettings = {
				ASSETCATALOG_COMPILER_APPICON_NAME = AppIcon;
				INFOPLIST_FILE = QKSwift/Info.plist;
				LD_RUNPATH_SEARCH_PATHS = "$(inherited) @executable_path/Frameworks";
				PRODUCT_BUNDLE_IDENTIFIER = com.nvxie.QKSwift;
				PRODUCT_NAME = "$(TARGET_NAME)";
			};
			name = Release;
		};
		5E6ABCCD1D7ABFFD00BB495A /* Debug */ = {
			isa = XCBuildConfiguration;
			buildSettings = {
				BUNDLE_LOADER = "$(TEST_HOST)";
				INFOPLIST_FILE = QKSwiftTests/Info.plist;
				LD_RUNPATH_SEARCH_PATHS = "$(inherited) @executable_path/Frameworks @loader_path/Frameworks";
				PRODUCT_BUNDLE_IDENTIFIER = com.nvxie.QKSwiftTests;
				PRODUCT_NAME = "$(TARGET_NAME)";
				TEST_HOST = "$(BUILT_PRODUCTS_DIR)/QKSwift.app/QKSwift";
			};
			name = Debug;
		};
		5E6ABCCE1D7ABFFD00BB495A /* Release */ = {
			isa = XCBuildConfiguration;
			buildSettings = {
				BUNDLE_LOADER = "$(TEST_HOST)";
				INFOPLIST_FILE = QKSwiftTests/Info.plist;
				LD_RUNPATH_SEARCH_PATHS = "$(inherited) @executable_path/Frameworks @loader_path/Frameworks";
				PRODUCT_BUNDLE_IDENTIFIER = com.nvxie.QKSwiftTests;
				PRODUCT_NAME = "$(TARGET_NAME)";
				TEST_HOST = "$(BUILT_PRODUCTS_DIR)/QKSwift.app/QKSwift";
			};
			name = Release;
		};
		5E6ABCD01D7ABFFD00BB495A /* Debug */ = {
			isa = XCBuildConfiguration;
			buildSettings = {
				INFOPLIST_FILE = QKSwiftUITests/Info.plist;
				LD_RUNPATH_SEARCH_PATHS = "$(inherited) @executable_path/Frameworks @loader_path/Frameworks";
				PRODUCT_BUNDLE_IDENTIFIER = com.nvxie.QKSwiftUITests;
				PRODUCT_NAME = "$(TARGET_NAME)";
				TEST_TARGET_NAME = QKSwift;
			};
			name = Debug;
		};
		5E6ABCD11D7ABFFD00BB495A /* Release */ = {
			isa = XCBuildConfiguration;
			buildSettings = {
				INFOPLIST_FILE = QKSwiftUITests/Info.plist;
				LD_RUNPATH_SEARCH_PATHS = "$(inherited) @executable_path/Frameworks @loader_path/Frameworks";
				PRODUCT_BUNDLE_IDENTIFIER = com.nvxie.QKSwiftUITests;
				PRODUCT_NAME = "$(TARGET_NAME)";
				TEST_TARGET_NAME = QKSwift;
			};
			name = Release;
		};
/* End XCBuildConfiguration section */

/* Begin XCConfigurationList section */
		5E6ABC9A1D7ABFFC00BB495A /* Build configuration list for PBXProject "QKSwift" */ = {
			isa = XCConfigurationList;
			buildConfigurations = (
				5E6ABCC71D7ABFFD00BB495A /* Debug */,
				5E6ABCC81D7ABFFD00BB495A /* Release */,
			);
			defaultConfigurationIsVisible = 0;
			defaultConfigurationName = Release;
		};
		5E6ABCC91D7ABFFD00BB495A /* Build configuration list for PBXNativeTarget "QKSwift" */ = {
			isa = XCConfigurationList;
			buildConfigurations = (
				5E6ABCCA1D7ABFFD00BB495A /* Debug */,
				5E6ABCCB1D7ABFFD00BB495A /* Release */,
			);
			defaultConfigurationIsVisible = 0;
		};
		5E6ABCCC1D7ABFFD00BB495A /* Build configuration list for PBXNativeTarget "QKSwiftTests" */ = {
			isa = XCConfigurationList;
			buildConfigurations = (
				5E6ABCCD1D7ABFFD00BB495A /* Debug */,
				5E6ABCCE1D7ABFFD00BB495A /* Release */,
			);
			defaultConfigurationIsVisible = 0;
		};
		5E6ABCCF1D7ABFFD00BB495A /* Build configuration list for PBXNativeTarget "QKSwiftUITests" */ = {
			isa = XCConfigurationList;
			buildConfigurations = (
				5E6ABCD01D7ABFFD00BB495A /* Debug */,
				5E6ABCD11D7ABFFD00BB495A /* Release */,
			);
			defaultConfigurationIsVisible = 0;
		};
/* End XCConfigurationList section */
	};
	rootObject = 5E6ABC971D7ABFFC00BB495A /* Project object */;
}
